
Microsoft Visual Studio Solution File, Format Version 12.00
# Visual Studio Version 16
VisualStudioVersion = 16.0.29418.71
MinimumVisualStudioVersion = 10.0.40219.1
Project("{FAE04EC0-301F-11D3-BF4B-00C04F79EFBC}") = "TaskLink10Server", "TaskLink10\TaskLink10Server.csproj", "{D7593FB5-78A3-4E51-A81F-BEE39F1A815F}"
EndProject
Project("{FAE04EC0-301F-11D3-BF4B-00C04F79EFBC}") = "TaskLink10Client", "TaskLink10Client\TaskLink10Client.csproj", "{C887E90E-9C24-42C9-89E3-D197BD914177}"
EndProject
Global
	GlobalSection(SolutionConfigurationPlatforms) = preSolution
		Debug|Any CPU = Debug|Any CPU
		Release|Any CPU = Release|Any CPU
	EndGlobalSection
	GlobalSection(ProjectConfigurationPlatforms) = postSolution
		{D7593FB5-78A3-4E51-A81F-BEE39F1A815F}.Debug|Any CPU.ActiveCfg = Debug|Any CPU
		{D7593FB5-78A3-4E51-A81F-BEE39F1A815F}.Debug|Any CPU.Build.0 = Debug|Any CPU
		{D7593FB5-78A3-4E51-A81F-BEE39F1A815F}.Release|Any CPU.ActiveCfg = Release|Any CPU
		{D7593FB5-78A3-4E51-A81F-BEE39F1A815F}.Release|Any CPU.Build.0 = Release|Any CPU
		{C887E90E-9C24-42C9-89E3-D197BD914177}.Debug|Any CPU.ActiveCfg = Debug|Any CPU
		{C887E90E-9C24-42C9-89E3-D197BD914177}.Debug|Any CPU.Build.0 = Debug|Any CPU
		{C887E90E-9C24-42C9-89E3-D197BD914177}.Release|Any CPU.ActiveCfg = Release|Any CPU
		{C887E90E-9C24-42C9-89E3-D197BD914177}.Release|Any CPU.Build.0 = Release|Any CPU
	EndGlobalSection
	GlobalSection(SolutionProperties) = preSolution
		HideSolutionNode = FALSE
	EndGlobalSection
	GlobalSection(ExtensibilityGlobals) = postSolution
		SolutionGuid = {338B3F06-78F2-4073-90F0-603D68382472}
	EndGlobalSection
EndGlobal
